
Microsoft Visual Studio Solution File, Format Version 12.00
Project("{FAE04EC0-301F-11D3-BF4B-00C04F79EFBC}") = "ConfigModule", "ConfigModule\ConfigModule.csproj", "{A4C4C3A7-D29E-4738-9B39-95D8042F045D}"
EndProject
Project("{FAE04EC0-301F-11D3-BF4B-00C04F79EFBC}") = "AccountingModule", "AccountingModule\AccountingModule.csproj", "{7F9D2241-C6A0-49D4-8334-D109B1EA9E72}"
EndProject
Project("{FAE04EC0-301F-11D3-BF4B-00C04F79EFBC}") = "Test", "Test\Test.csproj", "{B0BB61EB-29F2-42B6-83FA-193831A4BAF6}"
	ProjectSection(ProjectDependencies) = postProject
		{A4C4C3A7-D29E-4738-9B39-95D8042F045D} = {A4C4C3A7-D29E-4738-9B39-95D8042F045D}
		{7F9D2241-C6A0-49D4-8334-D109B1EA9E72} = {7F9D2241-C6A0-49D4-8334-D109B1EA9E72}
	EndProjectSection
EndProject
Global
	GlobalSection(SolutionConfigurationPlatforms) = preSolution
		Debug|Any CPU = Debug|Any CPU
		Release|Any CPU = Release|Any CPU
	EndGlobalSection
	GlobalSection(ProjectConfigurationPlatforms) = postSolution
		{A4C4C3A7-D29E-4738-9B39-95D8042F045D}.Debug|Any CPU.ActiveCfg = Debug|Any CPU
		{A4C4C3A7-D29E-4738-9B39-95D8042F045D}.Debug|Any CPU.Build.0 = Debug|Any CPU
		{A4C4C3A7-D29E-4738-9B39-95D8042F045D}.Release|Any CPU.ActiveCfg = Release|Any CPU
		{A4C4C3A7-D29E-4738-9B39-95D8042F045D}.Release|Any CPU.Build.0 = Release|Any CPU
		{7F9D2241-C6A0-49D4-8334-D109B1EA9E72}.Debug|Any CPU.ActiveCfg = Debug|Any CPU
		{7F9D2241-C6A0-49D4-8334-D109B1EA9E72}.Debug|Any CPU.Build.0 = Debug|Any CPU
		{7F9D2241-C6A0-49D4-8334-D109B1EA9E72}.Release|Any CPU.ActiveCfg = Release|Any CPU
		{7F9D2241-C6A0-49D4-8334-D109B1EA9E72}.Release|Any CPU.Build.0 = Release|Any CPU
		{B0BB61EB-29F2-42B6-83FA-193831A4BAF6}.Debug|Any CPU.ActiveCfg = Debug|Any CPU
		{B0BB61EB-29F2-42B6-83FA-193831A4BAF6}.Debug|Any CPU.Build.0 = Debug|Any CPU
		{B0BB61EB-29F2-42B6-83FA-193831A4BAF6}.Release|Any CPU.ActiveCfg = Release|Any CPU
		{B0BB61EB-29F2-42B6-83FA-193831A4BAF6}.Release|Any CPU.Build.0 = Release|Any CPU
	EndGlobalSection
EndGlobal
